
Microsoft Visual Studio Solution File, Format Version 12.00
# Visual Studio 15
VisualStudioVersion = 15.0.28307.757
MinimumVisualStudioVersion = 10.0.40219.1
Project("{FAE04EC0-301F-11D3-BF4B-00C04F79EFBC}") = "ConsoleDocker", "ConsoleDocker\ConsoleDocker.csproj", "{5234E489-C17C-428B-9BCF-11A1F4298A52}"
EndProject
Global
	GlobalSection(SolutionConfigurationPlatforms) = preSolution
		Debug|Any CPU = Debug|Any CPU
		Release|Any CPU = Release|Any CPU
	EndGlobalSection
	GlobalSection(ProjectConfigurationPlatforms) = postSolution
		{5234E489-C17C-428B-9BCF-11A1F4298A52}.Debug|Any CPU.ActiveCfg = Debug|Any CPU
		{5234E489-C17C-428B-9BCF-11A1F4298A52}.Debug|Any CPU.Build.0 = Debug|Any CPU
		{5234E489-C17C-428B-9BCF-11A1F4298A52}.Release|Any CPU.ActiveCfg = Release|Any CPU
		{5234E489-C17C-428B-9BCF-11A1F4298A52}.Release|Any CPU.Build.0 = Release|Any CPU
	EndGlobalSection
	GlobalSection(SolutionProperties) = preSolution
		HideSolutionNode = FALSE
	EndGlobalSection
	GlobalSection(ExtensibilityGlobals) = postSolution
		SolutionGuid = {E2A53F36-74F7-4478-AF3D-7BFFA33D562F}
	EndGlobalSection
EndGlobal
